<?xml version="1.0" encoding="UTF-8" standalone="yes" ?>
<CodeBlocks_project_file>
	<FileVersion major="1" minor="6" />
	<Project>
		<Option title="NTai DLL" />
		<Option pch_mode="0" />
		<Option default_target="default" />
		<Option compiler="gcc" />
		<Build>
			<Target title="default">
				<Option output="~/.spring/AI/Skirmish/impls/NTaiAI" prefix_auto="0" extension_auto="1" />
				<Option type="3" />
				<Option compiler="gcc" />
				<Option host_application="/usr/local/games/spring" />
				<Option createStaticLib="1" />
				<Compiler>
					<Add option="-W" />
				</Compiler>
			</Target>
		</Build>
		<VirtualTargets>
			<Add alias="All" targets="default;" />
		</VirtualTargets>
		<Compiler>
			<Add option="-W" />
			<Add option="-g" />
			<Add option="-fPIC" />
			<Add option="-DBUILD_DLL" />
			<Add directory="../../../../rts" />
			<Add directory="../../../../rts/ExternalAI" />
			<Add directory="../../../../rts/Sim" />
			<Add directory="../../../../rts/System" />
		</Compiler>
		<Unit filename="NTai/Agents/CManufacturer.cpp" />
		<Unit filename="NTai/Agents/CManufacturer.h" />
		<Unit filename="NTai/Agents/Chaser.cpp" />
		<Unit filename="NTai/Agents/Chaser.h" />
		<Unit filename="NTai/Agents/Planning.cpp" />
		<Unit filename="NTai/Agents/Planning.h" />
		<Unit filename="NTai/Core/CCached.h" />
		<Unit filename="NTai/Core/CMessage.cpp" />
		<Unit filename="NTai/Core/CMessage.h" />
		<Unit filename="NTai/Core/GlobalAI.cpp" />
		<Unit filename="NTai/Core/GlobalAI.h" />
		<Unit filename="NTai/Core/IModule.cpp" />
		<Unit filename="NTai/Core/IModule.h" />
		<Unit filename="NTai/Core/Interface.cpp" />
		<Unit filename="NTai/Core/helper.cpp" />
		<Unit filename="NTai/Core/helper.h" />
		<Unit filename="NTai/Core/include.h" />
		<Unit filename="NTai/Core/resource.h" />
		<Unit filename="NTai/Engine/COrderRouter.cpp" />
		<Unit filename="NTai/Engine/COrderRouter.h" />
		<Unit filename="NTai/Engine/TCommand.h" />
		<Unit filename="NTai/Helpers/CEconomy.cpp" />
		<Unit filename="NTai/Helpers/CEconomy.h" />
		<Unit filename="NTai/Helpers/CThreadManager.h" />
		<Unit filename="NTai/Helpers/CTokenizer.h" />
		<Unit filename="NTai/Helpers/CWorkerThread.h" />
		<Unit filename="NTai/Helpers/Information.h" />
		<Unit filename="NTai/Helpers/Log.cpp" />
		<Unit filename="NTai/Helpers/Log.h" />
		<Unit filename="NTai/Helpers/TdfParser.cpp" />
		<Unit filename="NTai/Helpers/TdfParser.h" />
		<Unit filename="NTai/Helpers/Terrain/CBuildingPlacer.cpp" />
		<Unit filename="NTai/Helpers/Terrain/CBuildingPlacer.h" />
		<Unit filename="NTai/Helpers/Terrain/DTHandler.cpp" />
		<Unit filename="NTai/Helpers/Terrain/DTHandler.h" />
		<Unit filename="NTai/Helpers/Terrain/Map.cpp" />
		<Unit filename="NTai/Helpers/Terrain/Map.h" />
		<Unit filename="NTai/Helpers/Terrain/MetalHandler.cpp" />
		<Unit filename="NTai/Helpers/Terrain/MetalHandler.h" />
		<Unit filename="NTai/Helpers/Terrain/MetalMap.cpp" />
		<Unit filename="NTai/Helpers/Terrain/MetalMap.h" />
		<Unit filename="NTai/Helpers/Terrain/RadarHandler.cpp" />
		<Unit filename="NTai/Helpers/Terrain/RadarHandler.h" />
		<Unit filename="NTai/Helpers/Units/Actions.cpp" />
		<Unit filename="NTai/Helpers/Units/Actions.h" />
		<Unit filename="NTai/Helpers/Units/CUnitDefHelp.cpp" />
		<Unit filename="NTai/Helpers/Units/CUnitDefHelp.h" />
		<Unit filename="NTai/Helpers/Units/CUnitDefLoader.cpp" />
		<Unit filename="NTai/Helpers/Units/CUnitDefLoader.h" />
		<Unit filename="NTai/Helpers/grid/CGridCell.cpp" />
		<Unit filename="NTai/Helpers/grid/CGridCell.h" />
		<Unit filename="NTai/Helpers/grid/CGridManager.cpp" />
		<Unit filename="NTai/Helpers/grid/CGridManager.h" />
		<Unit filename="NTai/Helpers/mtrand.cpp" />
		<Unit filename="NTai/Helpers/mtrand.h" />
		<Unit filename="NTai/Helpers/tdf_grammar.hpp" />
		<Unit filename="NTai/Helpers/ubuild.cpp" />
		<Unit filename="NTai/Helpers/ubuild.h" />
		<Unit filename="NTai/SDK/AI.h" />
		<Unit filename="NTai/SDK/CommandQueue.h" />
		<Unit filename="NTai/SDK/DamageArray.h" />
		<Unit filename="NTai/SDK/FeatureDef.h" />
		<Unit filename="NTai/SDK/GlobalStuff.h" />
		<Unit filename="NTai/SDK/IAICallback.h" />
		<Unit filename="NTai/SDK/IAICheats.h" />
		<Unit filename="NTai/SDK/IGlobalAI.h" />
		<Unit filename="NTai/SDK/IGlobalAICallback.h" />
		<Unit filename="NTai/SDK/ISerializer.h" />
		<Unit filename="NTai/SDK/MoveInfo.h" />
		<Unit filename="NTai/SDK/Sync/SyncChecker.h" />
		<Unit filename="NTai/SDK/Sync/SyncDebugger.h" />
		<Unit filename="NTai/SDK/Sync/SyncedPrimitive.h" />
		<Unit filename="NTai/SDK/Sync/Upcast.h" />
		<Unit filename="NTai/SDK/TypeDeduction.h" />
		<Unit filename="NTai/SDK/UnitDef.h" />
		<Unit filename="NTai/SDK/WeaponDefHandler.h" />
		<Unit filename="NTai/SDK/aibase.h" />
		<Unit filename="NTai/SDK/command.h" />
		<Unit filename="NTai/SDK/creg.h" />
		<Unit filename="NTai/SDK/float3.h" />
		<Unit filename="NTai/Tasks/CConsoleTask.cpp" />
		<Unit filename="NTai/Tasks/CConsoleTask.h" />
		<Unit filename="NTai/Tasks/CKeywordConstructionTask.cpp" />
		<Unit filename="NTai/Tasks/CKeywordConstructionTask.h" />
		<Unit filename="NTai/Tasks/CLeaveBuildSpotTask.cpp" />
		<Unit filename="NTai/Tasks/CLeaveBuildSpotTask.h" />
		<Unit filename="NTai/Tasks/CUnitConstructionTask.cpp" />
		<Unit filename="NTai/Tasks/CUnitConstructionTask.h" />
		<Unit filename="NTai/Tasks/ITask.h" />
		<Unit filename="NTai/Units/Behaviours/AttackBehaviour.cpp" />
		<Unit filename="NTai/Units/Behaviours/MetalMakerBehaviour.cpp" />
		<Unit filename="NTai/Units/CUnit.cpp" />
		<Unit filename="NTai/Units/CUnit.h" />
		<Extensions>
			<code_completion />
			<envvars />
			<debugger>
				<remote_debugging target="default">
					<options conn_type="0" serial_port="" serial_baud="115200" ip_address="" ip_port="" additional_cmds="" />
				</remote_debugging>
			</debugger>
		</Extensions>
	</Project>
</CodeBlocks_project_file>
