Microsoft Visual Studio Solution File, Format Version 8.00
Project("{8BC9CEB8-8B4A-11D0-8D11-00A0C91BC942}") = "unitsync", "unitsync.vcproj", "{BCE5530D-8565-4C1D-B1C7-3ED8B79FEF06}"
	ProjectSection(ProjectDependencies) = postProject
	EndProjectSection
EndProject
Global
	GlobalSection(SolutionConfiguration) = preSolution
		Debug = Debug
		Release = Release
	EndGlobalSection
	GlobalSection(ProjectConfiguration) = postSolution
		{BCE5530D-8565-4C1D-B1C7-3ED8B79FEF06}.Debug.ActiveCfg = Debug|Win32
		{BCE5530D-8565-4C1D-B1C7-3ED8B79FEF06}.Debug.Build.0 = Debug|Win32
		{BCE5530D-8565-4C1D-B1C7-3ED8B79FEF06}.Release.ActiveCfg = Release|Win32
		{BCE5530D-8565-4C1D-B1C7-3ED8B79FEF06}.Release.Build.0 = Release|Win32
	EndGlobalSection
	GlobalSection(ExtensibilityGlobals) = postSolution
	EndGlobalSection
	GlobalSection(ExtensibilityAddIns) = postSolution
	EndGlobalSection
EndGlobal
