
Microsoft Visual Studio Solution File, Format Version 10.00
# Visual C# Express 2008
Project("{FAE04EC0-301F-11D3-BF4B-00C04F79EFBC}") = "CSAI2", "CSAI2.csproj", "{1F8E343B-8848-461B-B30C-001E9732DE4C}"
EndProject
Global
	GlobalSection(SolutionConfigurationPlatforms) = preSolution
		Debug|Any CPU = Debug|Any CPU
		Release|Any CPU = Release|Any CPU
	EndGlobalSection
	GlobalSection(ProjectConfigurationPlatforms) = postSolution
		{1F8E343B-8848-461B-B30C-001E9732DE4C}.Debug|Any CPU.ActiveCfg = Debug|Any CPU
		{1F8E343B-8848-461B-B30C-001E9732DE4C}.Debug|Any CPU.Build.0 = Debug|Any CPU
		{1F8E343B-8848-461B-B30C-001E9732DE4C}.Release|Any CPU.ActiveCfg = Release|Any CPU
		{1F8E343B-8848-461B-B30C-001E9732DE4C}.Release|Any CPU.Build.0 = Release|Any CPU
	EndGlobalSection
	GlobalSection(SolutionProperties) = preSolution
		HideSolutionNode = FALSE
	EndGlobalSection
EndGlobal
