Microsoft Visual Studio Solution File, Format Version 8.00
Project("{8BC9CEB8-8B4A-11D0-8D11-00A0C91BC942}") = "JCAI", "JCAI.vcproj", "{2512F9CA-B9D9-4650-B220-30CF7EB1DDFD}"
	ProjectSection(ProjectDependencies) = postProject
	EndProjectSection
EndProject
Global
	GlobalSection(SolutionConfiguration) = preSolution
		Debug = Debug
		Profile = Profile
		Release = Release
	EndGlobalSection
	GlobalSection(ProjectConfiguration) = postSolution
		{2512F9CA-B9D9-4650-B220-30CF7EB1DDFD}.Debug.ActiveCfg = Debug|Win32
		{2512F9CA-B9D9-4650-B220-30CF7EB1DDFD}.Debug.Build.0 = Debug|Win32
		{2512F9CA-B9D9-4650-B220-30CF7EB1DDFD}.Profile.ActiveCfg = Release|Win32
		{2512F9CA-B9D9-4650-B220-30CF7EB1DDFD}.Profile.Build.0 = Release|Win32
		{2512F9CA-B9D9-4650-B220-30CF7EB1DDFD}.Release.ActiveCfg = Release|Win32
		{2512F9CA-B9D9-4650-B220-30CF7EB1DDFD}.Release.Build.0 = Release|Win32
	EndGlobalSection
	GlobalSection(ExtensibilityGlobals) = postSolution
	EndGlobalSection
	GlobalSection(ExtensibilityAddIns) = postSolution
	EndGlobalSection
EndGlobal
