Microsoft Visual Studio Solution File, Format Version 8.00
Project("{8BC9CEB8-8B4A-11D0-8D11-00A0C91BC942}") = "dirchange", "dirchange.vcproj", "{88B61938-4690-4066-9840-08441316ED66}"
	ProjectSection(ProjectDependencies) = postProject
	EndProjectSection
EndProject
Global
	GlobalSection(SolutionConfiguration) = preSolution
		Debug = Debug
		Release = Release
	EndGlobalSection
	GlobalSection(ProjectConfiguration) = postSolution
		{88B61938-4690-4066-9840-08441316ED66}.Debug.ActiveCfg = Debug|Win32
		{88B61938-4690-4066-9840-08441316ED66}.Debug.Build.0 = Debug|Win32
		{88B61938-4690-4066-9840-08441316ED66}.Release.ActiveCfg = Release|Win32
		{88B61938-4690-4066-9840-08441316ED66}.Release.Build.0 = Release|Win32
	EndGlobalSection
	GlobalSection(ExtensibilityGlobals) = postSolution
	EndGlobalSection
	GlobalSection(ExtensibilityAddIns) = postSolution
	EndGlobalSection
EndGlobal
