Microsoft Visual Studio Solution File, Format Version 8.00
Project("{8BC9CEB8-8B4A-11D0-8D11-00A0C91BC942}") = "lesson2", "lesson2.vcproj", "{9B908CDD-3984-411D-AD2C-68A179173CBF}"
	ProjectSection(ProjectDependencies) = postProject
	EndProjectSection
EndProject
Global
	GlobalSection(SolutionConfiguration) = preSolution
		Debug = Debug
		Profile = Profile
		Release = Release
	EndGlobalSection
	GlobalSection(ProjectConfiguration) = postSolution
		{9B908CDD-3984-411D-AD2C-68A179173CBF}.Debug.ActiveCfg = Debug|Win32
		{9B908CDD-3984-411D-AD2C-68A179173CBF}.Debug.Build.0 = Debug|Win32
		{9B908CDD-3984-411D-AD2C-68A179173CBF}.Profile.ActiveCfg = Profile|Win32
		{9B908CDD-3984-411D-AD2C-68A179173CBF}.Profile.Build.0 = Profile|Win32
		{9B908CDD-3984-411D-AD2C-68A179173CBF}.Release.ActiveCfg = Release|Win32
		{9B908CDD-3984-411D-AD2C-68A179173CBF}.Release.Build.0 = Release|Win32
	EndGlobalSection
	GlobalSection(ExtensibilityGlobals) = postSolution
	EndGlobalSection
	GlobalSection(ExtensibilityAddIns) = postSolution
	EndGlobalSection
EndGlobal
