
Microsoft Visual Studio Solution File, Format Version 9.00
# Visual C# Express 2005
Project("{FAE04EC0-301F-11D3-BF4B-00C04F79EFBC}") = "GlobalAIInterfaces", "GlobalAIInterfaces.csproj", "{914684CA-8B57-4936-802E-380020BD661A}"
EndProject
Global
	GlobalSection(SolutionConfigurationPlatforms) = preSolution
		Debug|Any CPU = Debug|Any CPU
		Release|Any CPU = Release|Any CPU
	EndGlobalSection
	GlobalSection(ProjectConfigurationPlatforms) = postSolution
		{914684CA-8B57-4936-802E-380020BD661A}.Debug|Any CPU.ActiveCfg = Debug|Any CPU
		{914684CA-8B57-4936-802E-380020BD661A}.Debug|Any CPU.Build.0 = Debug|Any CPU
		{914684CA-8B57-4936-802E-380020BD661A}.Release|Any CPU.ActiveCfg = Release|Any CPU
		{914684CA-8B57-4936-802E-380020BD661A}.Release|Any CPU.Build.0 = Release|Any CPU
	EndGlobalSection
	GlobalSection(SolutionProperties) = preSolution
		HideSolutionNode = FALSE
	EndGlobalSection
EndGlobal
